// !$*UTF8*$!
{
	archiveVersion = 1;
	classes = {
	};
	objectVersion = 46;
	objects = {

/* Begin PBXBuildFile section */
		A008E7021DFFC43D00B6F6D6 /* main.m in Sources */ = {isa = PBXBuildFile; fileRef = A008E7011DFFC43D00B6F6D6 /* main.m */; };
		A008E7051DFFC43D00B6F6D6 /* AppDelegate.m in Sources */ = {isa = PBXBuildFile; fileRef = A008E7041DFFC43D00B6F6D6 /* AppDelegate.m */; };
		A008E70D1DFFC43D00B6F6D6 /* Assets.xcassets in Resources */ = {isa = PBXBuildFile; fileRef = A008E70C1DFFC43D00B6F6D6 /* Assets.xcassets */; };
		A008E7101DFFC43D00B6F6D6 /* LaunchScreen.storyboard in Resources */ = {isa = PBXBuildFile; fileRef = A008E70E1DFFC43D00B6F6D6 /* LaunchScreen.storyboard */; };
		A00EB9811E31AD5800AE62BC /* CAEAGLLayerViewController.m in Sources */ = {isa = PBXBuildFile; fileRef = A00EB9801E31AD5800AE62BC /* CAEAGLLayerViewController.m */; };
		A03779541E2331A7009D3DE6 /* SpecializedLayerViewController.m in Sources */ = {isa = PBXBuildFile; fileRef = A03779531E2331A7009D3DE6 /* SpecializedLayerViewController.m */; };
		A03779571E233E50009D3DE6 /* CAShapeLayerViewController.m in Sources */ = {isa = PBXBuildFile; fileRef = A03779561E233E50009D3DE6 /* CAShapeLayerViewController.m */; };
		A037795A1E238154009D3DE6 /* CustomBezierPathView.m in Sources */ = {isa = PBXBuildFile; fileRef = A03779591E238154009D3DE6 /* CustomBezierPathView.m */; };
		A037795D1E24BC47009D3DE6 /* CATextLayerViewController.m in Sources */ = {isa = PBXBuildFile; fileRef = A037795C1E24BC47009D3DE6 /* CATextLayerViewController.m */; };
		A03779601E24CC03009D3DE6 /* LayerLabel.m in Sources */ = {isa = PBXBuildFile; fileRef = A037795F1E24CC03009D3DE6 /* LayerLabel.m */; };
		A03779631E25CE1A009D3DE6 /* CATransformLayerViewController.m in Sources */ = {isa = PBXBuildFile; fileRef = A03779621E25CE1A009D3DE6 /* CATransformLayerViewController.m */; };
		A03779661E271A6A009D3DE6 /* CAGradientLayerViewController.m in Sources */ = {isa = PBXBuildFile; fileRef = A03779651E271A6A009D3DE6 /* CAGradientLayerViewController.m */; };
		A03779691E272670009D3DE6 /* CAReplicatorViewController.m in Sources */ = {isa = PBXBuildFile; fileRef = A03779681E272670009D3DE6 /* CAReplicatorViewController.m */; };
		A037796C1E2730BB009D3DE6 /* ReflectionView.m in Sources */ = {isa = PBXBuildFile; fileRef = A037796B1E2730BB009D3DE6 /* ReflectionView.m */; };
		A037796F1E286FD7009D3DE6 /* LayerScrollView.m in Sources */ = {isa = PBXBuildFile; fileRef = A037796E1E286FD7009D3DE6 /* LayerScrollView.m */; };
		A03779721E2871A7009D3DE6 /* CAScrollLayerViewController.m in Sources */ = {isa = PBXBuildFile; fileRef = A03779711E2871A7009D3DE6 /* CAScrollLayerViewController.m */; };
		A037798A1E2C65D0009D3DE6 /* CATiledLayerViewController.m in Sources */ = {isa = PBXBuildFile; fileRef = A03779891E2C65D0009D3DE6 /* CATiledLayerViewController.m */; };
		A03779E01E2C7609009D3DE6 /* big_snowman_00_00.jpg in Resources */ = {isa = PBXBuildFile; fileRef = A03779A01E2C7609009D3DE6 /* big_snowman_00_00.jpg */; };
		A03779E11E2C7609009D3DE6 /* big_snowman_00_01.jpg in Resources */ = {isa = PBXBuildFile; fileRef = A03779A11E2C7609009D3DE6 /* big_snowman_00_01.jpg */; };
		A03779E21E2C7609009D3DE6 /* big_snowman_00_02.jpg in Resources */ = {isa = PBXBuildFile; fileRef = A03779A21E2C7609009D3DE6 /* big_snowman_00_02.jpg */; };
		A03779E31E2C7609009D3DE6 /* big_snowman_00_03.jpg in Resources */ = {isa = PBXBuildFile; fileRef = A03779A31E2C7609009D3DE6 /* big_snowman_00_03.jpg */; };
		A03779E41E2C7609009D3DE6 /* big_snowman_00_04.jpg in Resources */ = {isa = PBXBuildFile; fileRef = A03779A41E2C7609009D3DE6 /* big_snowman_00_04.jpg */; };
		A03779E51E2C7609009D3DE6 /* big_snowman_00_05.jpg in Resources */ = {isa = PBXBuildFile; fileRef = A03779A51E2C7609009D3DE6 /* big_snowman_00_05.jpg */; };
		A03779E61E2C7609009D3DE6 /* big_snowman_00_06.jpg in Resources */ = {isa = PBXBuildFile; fileRef = A03779A61E2C7609009D3DE6 /* big_snowman_00_06.jpg */; };
		A03779E71E2C7609009D3DE6 /* big_snowman_00_07.jpg in Resources */ = {isa = PBXBuildFile; fileRef = A03779A71E2C7609009D3DE6 /* big_snowman_00_07.jpg */; };
		A03779E81E2C7609009D3DE6 /* big_snowman_01_00.jpg in Resources */ = {isa = PBXBuildFile; fileRef = A03779A81E2C7609009D3DE6 /* big_snowman_01_00.jpg */; };
		A03779E91E2C7609009D3DE6 /* big_snowman_01_01.jpg in Resources */ = {isa = PBXBuildFile; fileRef = A03779A91E2C7609009D3DE6 /* big_snowman_01_01.jpg */; };
		A03779EA1E2C7609009D3DE6 /* big_snowman_01_02.jpg in Resources */ = {isa = PBXBuildFile; fileRef = A03779AA1E2C7609009D3DE6 /* big_snowman_01_02.jpg */; };
		A03779EB1E2C7609009D3DE6 /* big_snowman_01_03.jpg in Resources */ = {isa = PBXBuildFile; fileRef = A03779AB1E2C7609009D3DE6 /* big_snowman_01_03.jpg */; };
		A03779EC1E2C7609009D3DE6 /* big_snowman_01_04.jpg in Resources */ = {isa = PBXBuildFile; fileRef = A03779AC1E2C7609009D3DE6 /* big_snowman_01_04.jpg */; };
		A03779ED1E2C7609009D3DE6 /* big_snowman_01_05.jpg in Resources */ = {isa = PBXBuildFile; fileRef = A03779AD1E2C7609009D3DE6 /* big_snowman_01_05.jpg */; };
		A03779EE1E2C7609009D3DE6 /* big_snowman_01_06.jpg in Resources */ = {isa = PBXBuildFile; fileRef = A03779AE1E2C7609009D3DE6 /* big_snowman_01_06.jpg */; };
		A03779EF1E2C7609009D3DE6 /* big_snowman_01_07.jpg in Resources */ = {isa = PBXBuildFile; fileRef = A03779AF1E2C7609009D3DE6 /* big_snowman_01_07.jpg */; };
		A03779F01E2C7609009D3DE6 /* big_snowman_02_00.jpg in Resources */ = {isa = PBXBuildFile; fileRef = A03779B01E2C7609009D3DE6 /* big_snowman_02_00.jpg */; };
		A03779F11E2C7609009D3DE6 /* big_snowman_02_01.jpg in Resources */ = {isa = PBXBuildFile; fileRef = A03779B11E2C7609009D3DE6 /* big_snowman_02_01.jpg */; };
		A03779F21E2C7609009D3DE6 /* big_snowman_02_02.jpg in Resources */ = {isa = PBXBuildFile; fileRef = A03779B21E2C7609009D3DE6 /* big_snowman_02_02.jpg */; };
		A03779F31E2C7609009D3DE6 /* big_snowman_02_03.jpg in Resources */ = {isa = PBXBuildFile; fileRef = A03779B31E2C7609009D3DE6 /* big_snowman_02_03.jpg */; };
		A03779F41E2C7609009D3DE6 /* big_snowman_02_04.jpg in Resources */ = {isa = PBXBuildFile; fileRef = A03779B41E2C7609009D3DE6 /* big_snowman_02_04.jpg */; };
		A03779F51E2C7609009D3DE6 /* big_snowman_02_05.jpg in Resources */ = {isa = PBXBuildFile; fileRef = A03779B51E2C7609009D3DE6 /* big_snowman_02_05.jpg */; };
		A03779F61E2C7609009D3DE6 /* big_snowman_02_06.jpg in Resources */ = {isa = PBXBuildFile; fileRef = A03779B61E2C7609009D3DE6 /* big_snowman_02_06.jpg */; };
		A03779F71E2C7609009D3DE6 /* big_snowman_02_07.jpg in Resources */ = {isa = PBXBuildFile; fileRef = A03779B71E2C7609009D3DE6 /* big_snowman_02_07.jpg */; };
		A03779F81E2C7609009D3DE6 /* big_snowman_03_00.jpg in Resources */ = {isa = PBXBuildFile; fileRef = A03779B81E2C7609009D3DE6 /* big_snowman_03_00.jpg */; };
		A03779F91E2C7609009D3DE6 /* big_snowman_03_01.jpg in Resources */ = {isa = PBXBuildFile; fileRef = A03779B91E2C7609009D3DE6 /* big_snowman_03_01.jpg */; };
		A03779FA1E2C7609009D3DE6 /* big_snowman_03_02.jpg in Resources */ = {isa = PBXBuildFile; fileRef = A03779BA1E2C7609009D3DE6 /* big_snowman_03_02.jpg */; };
		A03779FB1E2C7609009D3DE6 /* big_snowman_03_03.jpg in Resources */ = {isa = PBXBuildFile; fileRef = A03779BB1E2C7609009D3DE6 /* big_snowman_03_03.jpg */; };
		A03779FC1E2C7609009D3DE6 /* big_snowman_03_04.jpg in Resources */ = {isa = PBXBuildFile; fileRef = A03779BC1E2C7609009D3DE6 /* big_snowman_03_04.jpg */; };
		A03779FD1E2C7609009D3DE6 /* big_snowman_03_05.jpg in Resources */ = {isa = PBXBuildFile; fileRef = A03779BD1E2C7609009D3DE6 /* big_snowman_03_05.jpg */; };
		A03779FE1E2C7609009D3DE6 /* big_snowman_03_06.jpg in Resources */ = {isa = PBXBuildFile; fileRef = A03779BE1E2C7609009D3DE6 /* big_snowman_03_06.jpg */; };
		A03779FF1E2C7609009D3DE6 /* big_snowman_03_07.jpg in Resources */ = {isa = PBXBuildFile; fileRef = A03779BF1E2C7609009D3DE6 /* big_snowman_03_07.jpg */; };
		A0377A001E2C7609009D3DE6 /* big_snowman_04_00.jpg in Resources */ = {isa = PBXBuildFile; fileRef = A03779C01E2C7609009D3DE6 /* big_snowman_04_00.jpg */; };
		A0377A011E2C7609009D3DE6 /* big_snowman_04_01.jpg in Resources */ = {isa = PBXBuildFile; fileRef = A03779C11E2C7609009D3DE6 /* big_snowman_04_01.jpg */; };
		A0377A021E2C7609009D3DE6 /* big_snowman_04_02.jpg in Resources */ = {isa = PBXBuildFile; fileRef = A03779C21E2C7609009D3DE6 /* big_snowman_04_02.jpg */; };
		A0377A031E2C7609009D3DE6 /* big_snowman_04_03.jpg in Resources */ = {isa = PBXBuildFile; fileRef = A03779C31E2C7609009D3DE6 /* big_snowman_04_03.jpg */; };
		A0377A041E2C7609009D3DE6 /* big_snowman_04_04.jpg in Resources */ = {isa = PBXBuildFile; fileRef = A03779C41E2C7609009D3DE6 /* big_snowman_04_04.jpg */; };
		A0377A051E2C7609009D3DE6 /* big_snowman_04_05.jpg in Resources */ = {isa = PBXBuildFile; fileRef = A03779C51E2C7609009D3DE6 /* big_snowman_04_05.jpg */; };
		A0377A061E2C7609009D3DE6 /* big_snowman_04_06.jpg in Resources */ = {isa = PBXBuildFile; fileRef = A03779C61E2C7609009D3DE6 /* big_snowman_04_06.jpg */; };
		A0377A071E2C7609009D3DE6 /* big_snowman_04_07.jpg in Resources */ = {isa = PBXBuildFile; fileRef = A03779C71E2C7609009D3DE6 /* big_snowman_04_07.jpg */; };
		A0377A081E2C7609009D3DE6 /* big_snowman_05_00.jpg in Resources */ = {isa = PBXBuildFile; fileRef = A03779C81E2C7609009D3DE6 /* big_snowman_05_00.jpg */; };
		A0377A091E2C7609009D3DE6 /* big_snowman_05_01.jpg in Resources */ = {isa = PBXBuildFile; fileRef = A03779C91E2C7609009D3DE6 /* big_snowman_05_01.jpg */; };
		A0377A0A1E2C7609009D3DE6 /* big_snowman_05_02.jpg in Resources */ = {isa = PBXBuildFile; fileRef = A03779CA1E2C7609009D3DE6 /* big_snowman_05_02.jpg */; };
		A0377A0B1E2C7609009D3DE6 /* big_snowman_05_03.jpg in Resources */ = {isa = PBXBuildFile; fileRef = A03779CB1E2C7609009D3DE6 /* big_snowman_05_03.jpg */; };
		A0377A0C1E2C7609009D3DE6 /* big_snowman_05_04.jpg in Resources */ = {isa = PBXBuildFile; fileRef = A03779CC1E2C7609009D3DE6 /* big_snowman_05_04.jpg */; };
		A0377A0D1E2C7609009D3DE6 /* big_snowman_05_05.jpg in Resources */ = {isa = PBXBuildFile; fileRef = A03779CD1E2C7609009D3DE6 /* big_snowman_05_05.jpg */; };
		A0377A0E1E2C7609009D3DE6 /* big_snowman_05_06.jpg in Resources */ = {isa = PBXBuildFile; fileRef = A03779CE1E2C7609009D3DE6 /* big_snowman_05_06.jpg */; };
		A0377A0F1E2C7609009D3DE6 /* big_snowman_05_07.jpg in Resources */ = {isa = PBXBuildFile; fileRef = A03779CF1E2C7609009D3DE6 /* big_snowman_05_07.jpg */; };
		A0377A101E2C7609009D3DE6 /* big_snowman_06_00.jpg in Resources */ = {isa = PBXBuildFile; fileRef = A03779D01E2C7609009D3DE6 /* big_snowman_06_00.jpg */; };
		A0377A111E2C7609009D3DE6 /* big_snowman_06_01.jpg in Resources */ = {isa = PBXBuildFile; fileRef = A03779D11E2C7609009D3DE6 /* big_snowman_06_01.jpg */; };
		A0377A121E2C7609009D3DE6 /* big_snowman_06_02.jpg in Resources */ = {isa = PBXBuildFile; fileRef = A03779D21E2C7609009D3DE6 /* big_snowman_06_02.jpg */; };
		A0377A131E2C7609009D3DE6 /* big_snowman_06_03.jpg in Resources */ = {isa = PBXBuildFile; fileRef = A03779D31E2C7609009D3DE6 /* big_snowman_06_03.jpg */; };
		A0377A141E2C7609009D3DE6 /* big_snowman_06_04.jpg in Resources */ = {isa = PBXBuildFile; fileRef = A03779D41E2C7609009D3DE6 /* big_snowman_06_04.jpg */; };
		A0377A151E2C7609009D3DE6 /* big_snowman_06_05.jpg in Resources */ = {isa = PBXBuildFile; fileRef = A03779D51E2C7609009D3DE6 /* big_snowman_06_05.jpg */; };
		A0377A161E2C7609009D3DE6 /* big_snowman_06_06.jpg in Resources */ = {isa = PBXBuildFile; fileRef = A03779D61E2C7609009D3DE6 /* big_snowman_06_06.jpg */; };
		A0377A171E2C7609009D3DE6 /* big_snowman_06_07.jpg in Resources */ = {isa = PBXBuildFile; fileRef = A03779D71E2C7609009D3DE6 /* big_snowman_06_07.jpg */; };
		A0377A181E2C7609009D3DE6 /* big_snowman_07_00.jpg in Resources */ = {isa = PBXBuildFile; fileRef = A03779D81E2C7609009D3DE6 /* big_snowman_07_00.jpg */; };
		A0377A191E2C7609009D3DE6 /* big_snowman_07_01.jpg in Resources */ = {isa = PBXBuildFile; fileRef = A03779D91E2C7609009D3DE6 /* big_snowman_07_01.jpg */; };
		A0377A1A1E2C7609009D3DE6 /* big_snowman_07_02.jpg in Resources */ = {isa = PBXBuildFile; fileRef = A03779DA1E2C7609009D3DE6 /* big_snowman_07_02.jpg */; };
		A0377A1B1E2C7609009D3DE6 /* big_snowman_07_03.jpg in Resources */ = {isa = PBXBuildFile; fileRef = A03779DB1E2C7609009D3DE6 /* big_snowman_07_03.jpg */; };
		A0377A1C1E2C7609009D3DE6 /* big_snowman_07_04.jpg in Resources */ = {isa = PBXBuildFile; fileRef = A03779DC1E2C7609009D3DE6 /* big_snowman_07_04.jpg */; };
		A0377A1D1E2C7609009D3DE6 /* big_snowman_07_05.jpg in Resources */ = {isa = PBXBuildFile; fileRef = A03779DD1E2C7609009D3DE6 /* big_snowman_07_05.jpg */; };
		A0377A1E1E2C7609009D3DE6 /* big_snowman_07_06.jpg in Resources */ = {isa = PBXBuildFile; fileRef = A03779DE1E2C7609009D3DE6 /* big_snowman_07_06.jpg */; };
		A0377A1F1E2C7609009D3DE6 /* big_snowman_07_07.jpg in Resources */ = {isa = PBXBuildFile; fileRef = A03779DF1E2C7609009D3DE6 /* big_snowman_07_07.jpg */; };
		A0377A2A1E2DB0BF009D3DE6 /* CAEmitterLayerViewController.m in Sources */ = {isa = PBXBuildFile; fileRef = A0377A291E2DB0BF009D3DE6 /* CAEmitterLayerViewController.m */; };
		A0377A2D1E2F40B0009D3DE6 /* Main.storyboard in Resources */ = {isa = PBXBuildFile; fileRef = A0377A2B1E2F40B0009D3DE6 /* Main.storyboard */; };
		A038F5C01E1C9CBD003CCA53 /* SolidObjectsViewController.m in Sources */ = {isa = PBXBuildFile; fileRef = A038F5BF1E1C9CBD003CCA53 /* SolidObjectsViewController.m */; };
		A0D23AC01E13555E00BEC8AE /* MaskViewController.m in Sources */ = {isa = PBXBuildFile; fileRef = A0D23ABD1E13555E00BEC8AE /* MaskViewController.m */; };
		A0D23AC11E13555E00BEC8AE /* VisionViewController.m in Sources */ = {isa = PBXBuildFile; fileRef = A0D23ABF1E13555E00BEC8AE /* VisionViewController.m */; };
		A0D23AC61E1355DA00BEC8AE /* ContentViewController.m in Sources */ = {isa = PBXBuildFile; fileRef = A0D23AC51E1355DA00BEC8AE /* ContentViewController.m */; };
		A0D23ACA1E1355FC00BEC8AE /* LayerGeometryViewController.m in Sources */ = {isa = PBXBuildFile; fileRef = A0D23AC91E1355FC00BEC8AE /* LayerGeometryViewController.m */; };
		A0D23ACD1E135F2600BEC8AE /* AffinesTransformViewController.m in Sources */ = {isa = PBXBuildFile; fileRef = A0D23ACC1E135F2600BEC8AE /* AffinesTransformViewController.m */; };
		A0D23AD21E1375C600BEC8AE /* 3DTransformViewController.m in Sources */ = {isa = PBXBuildFile; fileRef = A0D23AD11E1375C600BEC8AE /* 3DTransformViewController.m */; };
/* End PBXBuildFile section */

/* Begin PBXFileReference section */
		A008E6FD1DFFC43C00B6F6D6 /* JYLayer.app */ = {isa = PBXFileReference; explicitFileType = wrapper.application; includeInIndex = 0; path = JYLayer.app; sourceTree = BUILT_PRODUCTS_DIR; };
		A008E7011DFFC43D00B6F6D6 /* main.m */ = {isa = PBXFileReference; lastKnownFileType = sourcecode.c.objc; path = main.m; sourceTree = "<group>"; };
		A008E7031DFFC43D00B6F6D6 /* AppDelegate.h */ = {isa = PBXFileReference; lastKnownFileType = sourcecode.c.h; path = AppDelegate.h; sourceTree = "<group>"; };
		A008E7041DFFC43D00B6F6D6 /* AppDelegate.m */ = {isa = PBXFileReference; lastKnownFileType = sourcecode.c.objc; path = AppDelegate.m; sourceTree = "<group>"; };
		A008E70C1DFFC43D00B6F6D6 /* Assets.xcassets */ = {isa = PBXFileReference; lastKnownFileType = folder.assetcatalog; path = Assets.xcassets; sourceTree = "<group>"; };
		A008E70F1DFFC43D00B6F6D6 /* Base */ = {isa = PBXFileReference; lastKnownFileType = file.storyboard; name = Base; path = Base.lproj/LaunchScreen.storyboard; sourceTree = "<group>"; };
		A008E7111DFFC43D00B6F6D6 /* Info.plist */ = {isa = PBXFileReference; lastKnownFileType = text.plist.xml; path = Info.plist; sourceTree = "<group>"; };
		A00EB97F1E31AD5700AE62BC /* CAEAGLLayerViewController.h */ = {isa = PBXFileReference; fileEncoding = 4; lastKnownFileType = sourcecode.c.h; path = CAEAGLLayerViewController.h; sourceTree = "<group>"; };
		A00EB9801E31AD5800AE62BC /* CAEAGLLayerViewController.m */ = {isa = PBXFileReference; fileEncoding = 4; lastKnownFileType = sourcecode.c.objc; path = CAEAGLLayerViewController.m; sourceTree = "<group>"; };
		A03779521E2331A7009D3DE6 /* SpecializedLayerViewController.h */ = {isa = PBXFileReference; fileEncoding = 4; lastKnownFileType = sourcecode.c.h; path = SpecializedLayerViewController.h; sourceTree = "<group>"; };
		A03779531E2331A7009D3DE6 /* SpecializedLayerViewController.m */ = {isa = PBXFileReference; fileEncoding = 4; lastKnownFileType = sourcecode.c.objc; path = SpecializedLayerViewController.m; sourceTree = "<group>"; };
		A03779551E233E50009D3DE6 /* CAShapeLayerViewController.h */ = {isa = PBXFileReference; fileEncoding = 4; lastKnownFileType = sourcecode.c.h; path = CAShapeLayerViewController.h; sourceTree = "<group>"; };
		A03779561E233E50009D3DE6 /* CAShapeLayerViewController.m */ = {isa = PBXFileReference; fileEncoding = 4; lastKnownFileType = sourcecode.c.objc; path = CAShapeLayerViewController.m; sourceTree = "<group>"; };
		A03779581E238154009D3DE6 /* CustomBezierPathView.h */ = {isa = PBXFileReference; fileEncoding = 4; lastKnownFileType = sourcecode.c.h; path = CustomBezierPathView.h; sourceTree = "<group>"; };
		A03779591E238154009D3DE6 /* CustomBezierPathView.m */ = {isa = PBXFileReference; fileEncoding = 4; lastKnownFileType = sourcecode.c.objc; path = CustomBezierPathView.m; sourceTree = "<group>"; };
		A037795B1E24BC47009D3DE6 /* CATextLayerViewController.h */ = {isa = PBXFileReference; fileEncoding = 4; lastKnownFileType = sourcecode.c.h; path = CATextLayerViewController.h; sourceTree = "<group>"; };
		A037795C1E24BC47009D3DE6 /* CATextLayerViewController.m */ = {isa = PBXFileReference; fileEncoding = 4; lastKnownFileType = sourcecode.c.objc; path = CATextLayerViewController.m; sourceTree = "<group>"; };
		A037795E1E24CC03009D3DE6 /* LayerLabel.h */ = {isa = PBXFileReference; fileEncoding = 4; lastKnownFileType = sourcecode.c.h; path = LayerLabel.h; sourceTree = "<group>"; };
		A037795F1E24CC03009D3DE6 /* LayerLabel.m */ = {isa = PBXFileReference; fileEncoding = 4; lastKnownFileType = sourcecode.c.objc; path = LayerLabel.m; sourceTree = "<group>"; };
		A03779611E25CE1A009D3DE6 /* CATransformLayerViewController.h */ = {isa = PBXFileReference; fileEncoding = 4; lastKnownFileType = sourcecode.c.h; path = CATransformLayerViewController.h; sourceTree = "<group>"; };
		A03779621E25CE1A009D3DE6 /* CATransformLayerViewController.m */ = {isa = PBXFileReference; fileEncoding = 4; lastKnownFileType = sourcecode.c.objc; path = CATransformLayerViewController.m; sourceTree = "<group>"; };
		A03779641E271A6A009D3DE6 /* CAGradientLayerViewController.h */ = {isa = PBXFileReference; fileEncoding = 4; lastKnownFileType = sourcecode.c.h; path = CAGradientLayerViewController.h; sourceTree = "<group>"; };
		A03779651E271A6A009D3DE6 /* CAGradientLayerViewController.m */ = {isa = PBXFileReference; fileEncoding = 4; lastKnownFileType = sourcecode.c.objc; path = CAGradientLayerViewController.m; sourceTree = "<group>"; };
		A03779671E272670009D3DE6 /* CAReplicatorViewController.h */ = {isa = PBXFileReference; fileEncoding = 4; lastKnownFileType = sourcecode.c.h; path = CAReplicatorViewController.h; sourceTree = "<group>"; };
		A03779681E272670009D3DE6 /* CAReplicatorViewController.m */ = {isa = PBXFileReference; fileEncoding = 4; lastKnownFileType = sourcecode.c.objc; path = CAReplicatorViewController.m; sourceTree = "<group>"; };
		A037796A1E2730BB009D3DE6 /* ReflectionView.h */ = {isa = PBXFileReference; fileEncoding = 4; lastKnownFileType = sourcecode.c.h; path = ReflectionView.h; sourceTree = "<group>"; };
		A037796B1E2730BB009D3DE6 /* ReflectionView.m */ = {isa = PBXFileReference; fileEncoding = 4; lastKnownFileType = sourcecode.c.objc; path = ReflectionView.m; sourceTree = "<group>"; };
		A037796D1E286FD7009D3DE6 /* LayerScrollView.h */ = {isa = PBXFileReference; fileEncoding = 4; lastKnownFileType = sourcecode.c.h; path = LayerScrollView.h; sourceTree = "<group>"; };
		A037796E1E286FD7009D3DE6 /* LayerScrollView.m */ = {isa = PBXFileReference; fileEncoding = 4; lastKnownFileType = sourcecode.c.objc; path = LayerScrollView.m; sourceTree = "<group>"; };
		A03779701E2871A7009D3DE6 /* CAScrollLayerViewController.h */ = {isa = PBXFileReference; fileEncoding = 4; lastKnownFileType = sourcecode.c.h; path = CAScrollLayerViewController.h; sourceTree = "<group>"; };
		A03779711E2871A7009D3DE6 /* CAScrollLayerViewController.m */ = {isa = PBXFileReference; fileEncoding = 4; lastKnownFileType = sourcecode.c.objc; path = CAScrollLayerViewController.m; sourceTree = "<group>"; };
		A03779881E2C65D0009D3DE6 /* CATiledLayerViewController.h */ = {isa = PBXFileReference; fileEncoding = 4; lastKnownFileType = sourcecode.c.h; path = CATiledLayerViewController.h; sourceTree = "<group>"; };
		A03779891E2C65D0009D3DE6 /* CATiledLayerViewController.m */ = {isa = PBXFileReference; fileEncoding = 4; lastKnownFileType = sourcecode.c.objc; path = CATiledLayerViewController.m; sourceTree = "<group>"; };
		A03779A01E2C7609009D3DE6 /* big_snowman_00_00.jpg */ = {isa = PBXFileReference; lastKnownFileType = image.jpeg; path = big_snowman_00_00.jpg; sourceTree = "<group>"; };
		A03779A11E2C7609009D3DE6 /* big_snowman_00_01.jpg */ = {isa = PBXFileReference; lastKnownFileType = image.jpeg; path = big_snowman_00_01.jpg; sourceTree = "<group>"; };
		A03779A21E2C7609009D3DE6 /* big_snowman_00_02.jpg */ = {isa = PBXFileReference; lastKnownFileType = image.jpeg; path = big_snowman_00_02.jpg; sourceTree = "<group>"; };
		A03779A31E2C7609009D3DE6 /* big_snowman_00_03.jpg */ = {isa = PBXFileReference; lastKnownFileType = image.jpeg; path = big_snowman_00_03.jpg; sourceTree = "<group>"; };
		A03779A41E2C7609009D3DE6 /* big_snowman_00_04.jpg */ = {isa = PBXFileReference; lastKnownFileType = image.jpeg; path = big_snowman_00_04.jpg; sourceTree = "<group>"; };
		A03779A51E2C7609009D3DE6 /* big_snowman_00_05.jpg */ = {isa = PBXFileReference; lastKnownFileType = image.jpeg; path = big_snowman_00_05.jpg; sourceTree = "<group>"; };
		A03779A61E2C7609009D3DE6 /* big_snowman_00_06.jpg */ = {isa = PBXFileReference; lastKnownFileType = image.jpeg; path = big_snowman_00_06.jpg; sourceTree = "<group>"; };
		A03779A71E2C7609009D3DE6 /* big_snowman_00_07.jpg */ = {isa = PBXFileReference; lastKnownFileType = image.jpeg; path = big_snowman_00_07.jpg; sourceTree = "<group>"; };
		A03779A81E2C7609009D3DE6 /* big_snowman_01_00.jpg */ = {isa = PBXFileReference; lastKnownFileType = image.jpeg; path = big_snowman_01_00.jpg; sourceTree = "<group>"; };
		A03779A91E2C7609009D3DE6 /* big_snowman_01_01.jpg */ = {isa = PBXFileReference; lastKnownFileType = image.jpeg; path = big_snowman_01_01.jpg; sourceTree = "<group>"; };
		A03779AA1E2C7609009D3DE6 /* big_snowman_01_02.jpg */ = {isa = PBXFileReference; lastKnownFileType = image.jpeg; path = big_snowman_01_02.jpg; sourceTree = "<group>"; };
		A03779AB1E2C7609009D3DE6 /* big_snowman_01_03.jpg */ = {isa = PBXFileReference; lastKnownFileType = image.jpeg; path = big_snowman_01_03.jpg; sourceTree = "<group>"; };
		A03779AC1E2C7609009D3DE6 /* big_snowman_01_04.jpg */ = {isa = PBXFileReference; lastKnownFileType = image.jpeg; path = big_snowman_01_04.jpg; sourceTree = "<group>"; };
		A03779AD1E2C7609009D3DE6 /* big_snowman_01_05.jpg */ = {isa = PBXFileReference; lastKnownFileType = image.jpeg; path = big_snowman_01_05.jpg; sourceTree = "<group>"; };
		A03779AE1E2C7609009D3DE6 /* big_snowman_01_06.jpg */ = {isa = PBXFileReference; lastKnownFileType = image.jpeg; path = big_snowman_01_06.jpg; sourceTree = "<group>"; };
		A03779AF1E2C7609009D3DE6 /* big_snowman_01_07.jpg */ = {isa = PBXFileReference; lastKnownFileType = image.jpeg; path = big_snowman_01_07.jpg; sourceTree = "<group>"; };
		A03779B01E2C7609009D3DE6 /* big_snowman_02_00.jpg */ = {isa = PBXFileReference; lastKnownFileType = image.jpeg; path = big_snowman_02_00.jpg; sourceTree = "<group>"; };
		A03779B11E2C7609009D3DE6 /* big_snowman_02_01.jpg */ = {isa = PBXFileReference; lastKnownFileType = image.jpeg; path = big_snowman_02_01.jpg; sourceTree = "<group>"; };
		A03779B21E2C7609009D3DE6 /* big_snowman_02_02.jpg */ = {isa = PBXFileReference; lastKnownFileType = image.jpeg; path = big_snowman_02_02.jpg; sourceTree = "<group>"; };
		A03779B31E2C7609009D3DE6 /* big_snowman_02_03.jpg */ = {isa = PBXFileReference; lastKnownFileType = image.jpeg; path = big_snowman_02_03.jpg; sourceTree = "<group>"; };
		A03779B41E2C7609009D3DE6 /* big_snowman_02_04.jpg */ = {isa = PBXFileReference; lastKnownFileType = image.jpeg; path = big_snowman_02_04.jpg; sourceTree = "<group>"; };
		A03779B51E2C7609009D3DE6 /* big_snowman_02_05.jpg */ = {isa = PBXFileReference; lastKnownFileType = image.jpeg; path = big_snowman_02_05.jpg; sourceTree = "<group>"; };
		A03779B61E2C7609009D3DE6 /* big_snowman_02_06.jpg */ = {isa = PBXFileReference; lastKnownFileType = image.jpeg; path = big_snowman_02_06.jpg; sourceTree = "<group>"; };
		A03779B71E2C7609009D3DE6 /* big_snowman_02_07.jpg */ = {isa = PBXFileReference; lastKnownFileType = image.jpeg; path = big_snowman_02_07.jpg; sourceTree = "<group>"; };
		A03779B81E2C7609009D3DE6 /* big_snowman_03_00.jpg */ = {isa = PBXFileReference; lastKnownFileType = image.jpeg; path = big_snowman_03_00.jpg; sourceTree = "<group>"; };
		A03779B91E2C7609009D3DE6 /* big_snowman_03_01.jpg */ = {isa = PBXFileReference; lastKnownFileType = image.jpeg; path = big_snowman_03_01.jpg; sourceTree = "<group>"; };
		A03779BA1E2C7609009D3DE6 /* big_snowman_03_02.jpg */ = {isa = PBXFileReference; lastKnownFileType = image.jpeg; path = big_snowman_03_02.jpg; sourceTree = "<group>"; };
		A03779BB1E2C7609009D3DE6 /* big_snowman_03_03.jpg */ = {isa = PBXFileReference; lastKnownFileType = image.jpeg; path = big_snowman_03_03.jpg; sourceTree = "<group>"; };
		A03779BC1E2C7609009D3DE6 /* big_snowman_03_04.jpg */ = {isa = PBXFileReference; lastKnownFileType = image.jpeg; path = big_snowman_03_04.jpg; sourceTree = "<group>"; };
		A03779BD1E2C7609009D3DE6 /* big_snowman_03_05.jpg */ = {isa = PBXFileReference; lastKnownFileType = image.jpeg; path = big_snowman_03_05.jpg; sourceTree = "<group>"; };
		A03779BE1E2C7609009D3DE6 /* big_snowman_03_06.jpg */ = {isa = PBXFileReference; lastKnownFileType = image.jpeg; path = big_snowman_03_06.jpg; sourceTree = "<group>"; };
		A03779BF1E2C7609009D3DE6 /* big_snowman_03_07.jpg */ = {isa = PBXFileReference; lastKnownFileType = image.jpeg; path = big_snowman_03_07.jpg; sourceTree = "<group>"; };
		A03779C01E2C7609009D3DE6 /* big_snowman_04_00.jpg */ = {isa = PBXFileReference; lastKnownFileType = image.jpeg; path = big_snowman_04_00.jpg; sourceTree = "<group>"; };
		A03779C11E2C7609009D3DE6 /* big_snowman_04_01.jpg */ = {isa = PBXFileReference; lastKnownFileType = image.jpeg; path = big_snowman_04_01.jpg; sourceTree = "<group>"; };
		A03779C21E2C7609009D3DE6 /* big_snowman_04_02.jpg */ = {isa = PBXFileReference; lastKnownFileType = image.jpeg; path = big_snowman_04_02.jpg; sourceTree = "<group>"; };
		A03779C31E2C7609009D3DE6 /* big_snowman_04_03.jpg */ = {isa = PBXFileReference; lastKnownFileType = image.jpeg; path = big_snowman_04_03.jpg; sourceTree = "<group>"; };
		A03779C41E2C7609009D3DE6 /* big_snowman_04_04.jpg */ = {isa = PBXFileReference; lastKnownFileType = image.jpeg; path = big_snowman_04_04.jpg; sourceTree = "<group>"; };
		A03779C51E2C7609009D3DE6 /* big_snowman_04_05.jpg */ = {isa = PBXFileReference; lastKnownFileType = image.jpeg; path = big_snowman_04_05.jpg; sourceTree = "<group>"; };
		A03779C61E2C7609009D3DE6 /* big_snowman_04_06.jpg */ = {isa = PBXFileReference; lastKnownFileType = image.jpeg; path = big_snowman_04_06.jpg; sourceTree = "<group>"; };
		A03779C71E2C7609009D3DE6 /* big_snowman_04_07.jpg */ = {isa = PBXFileReference; lastKnownFileType = image.jpeg; path = big_snowman_04_07.jpg; sourceTree = "<group>"; };
		A03779C81E2C7609009D3DE6 /* big_snowman_05_00.jpg */ = {isa = PBXFileReference; lastKnownFileType = image.jpeg; path = big_snowman_05_00.jpg; sourceTree = "<group>"; };
		A03779C91E2C7609009D3DE6 /* big_snowman_05_01.jpg */ = {isa = PBXFileReference; lastKnownFileType = image.jpeg; path = big_snowman_05_01.jpg; sourceTree = "<group>"; };
		A03779CA1E2C7609009D3DE6 /* big_snowman_05_02.jpg */ = {isa = PBXFileReference; lastKnownFileType = image.jpeg; path = big_snowman_05_02.jpg; sourceTree = "<group>"; };
		A03779CB1E2C7609009D3DE6 /* big_snowman_05_03.jpg */ = {isa = PBXFileReference; lastKnownFileType = image.jpeg; path = big_snowman_05_03.jpg; sourceTree = "<group>"; };
		A03779CC1E2C7609009D3DE6 /* big_snowman_05_04.jpg */ = {isa = PBXFileReference; lastKnownFileType = image.jpeg; path = big_snowman_05_04.jpg; sourceTree = "<group>"; };
		A03779CD1E2C7609009D3DE6 /* big_snowman_05_05.jpg */ = {isa = PBXFileReference; lastKnownFileType = image.jpeg; path = big_snowman_05_05.jpg; sourceTree = "<group>"; };
		A03779CE1E2C7609009D3DE6 /* big_snowman_05_06.jpg */ = {isa = PBXFileReference; lastKnownFileType = image.jpeg; path = big_snowman_05_06.jpg; sourceTree = "<group>"; };
		A03779CF1E2C7609009D3DE6 /* big_snowman_05_07.jpg */ = {isa = PBXFileReference; lastKnownFileType = image.jpeg; path = big_snowman_05_07.jpg; sourceTree = "<group>"; };
		A03779D01E2C7609009D3DE6 /* big_snowman_06_00.jpg */ = {isa = PBXFileReference; lastKnownFileType = image.jpeg; path = big_snowman_06_00.jpg; sourceTree = "<group>"; };
		A03779D11E2C7609009D3DE6 /* big_snowman_06_01.jpg */ = {isa = PBXFileReference; lastKnownFileType = image.jpeg; path = big_snowman_06_01.jpg; sourceTree = "<group>"; };
		A03779D21E2C7609009D3DE6 /* big_snowman_06_02.jpg */ = {isa = PBXFileReference; lastKnownFileType = image.jpeg; path = big_snowman_06_02.jpg; sourceTree = "<group>"; };
		A03779D31E2C7609009D3DE6 /* big_snowman_06_03.jpg */ = {isa = PBXFileReference; lastKnownFileType = image.jpeg; path = big_snowman_06_03.jpg; sourceTree = "<group>"; };
		A03779D41E2C7609009D3DE6 /* big_snowman_06_04.jpg */ = {isa = PBXFileReference; lastKnownFileType = image.jpeg; path = big_snowman_06_04.jpg; sourceTree = "<group>"; };
		A03779D51E2C7609009D3DE6 /* big_snowman_06_05.jpg */ = {isa = PBXFileReference; lastKnownFileType = image.jpeg; path = big_snowman_06_05.jpg; sourceTree = "<group>"; };
		A03779D61E2C7609009D3DE6 /* big_snowman_06_06.jpg */ = {isa = PBXFileReference; lastKnownFileType = image.jpeg; path = big_snowman_06_06.jpg; sourceTree = "<group>"; };
		A03779D71E2C7609009D3DE6 /* big_snowman_06_07.jpg */ = {isa = PBXFileReference; lastKnownFileType = image.jpeg; path = big_snowman_06_07.jpg; sourceTree = "<group>"; };
		A03779D81E2C7609009D3DE6 /* big_snowman_07_00.jpg */ = {isa = PBXFileReference; lastKnownFileType = image.jpeg; path = big_snowman_07_00.jpg; sourceTree = "<group>"; };
		A03779D91E2C7609009D3DE6 /* big_snowman_07_01.jpg */ = {isa = PBXFileReference; lastKnownFileType = image.jpeg; path = big_snowman_07_01.jpg; sourceTree = "<group>"; };
		A03779DA1E2C7609009D3DE6 /* big_snowman_07_02.jpg */ = {isa = PBXFileReference; lastKnownFileType = image.jpeg; path = big_snowman_07_02.jpg; sourceTree = "<group>"; };
		A03779DB1E2C7609009D3DE6 /* big_snowman_07_03.jpg */ = {isa = PBXFileReference; lastKnownFileType = image.jpeg; path = big_snowman_07_03.jpg; sourceTree = "<group>"; };
		A03779DC1E2C7609009D3DE6 /* big_snowman_07_04.jpg */ = {isa = PBXFileReference; lastKnownFileType = image.jpeg; path = big_snowman_07_04.jpg; sourceTree = "<group>"; };
		A03779DD1E2C7609009D3DE6 /* big_snowman_07_05.jpg */ = {isa = PBXFileReference; lastKnownFileType = image.jpeg; path = big_snowman_07_05.jpg; sourceTree = "<group>"; };
		A03779DE1E2C7609009D3DE6 /* big_snowman_07_06.jpg */ = {isa = PBXFileReference; lastKnownFileType = image.jpeg; path = big_snowman_07_06.jpg; sourceTree = "<group>"; };
		A03779DF1E2C7609009D3DE6 /* big_snowman_07_07.jpg */ = {isa = PBXFileReference; lastKnownFileType = image.jpeg; path = big_snowman_07_07.jpg; sourceTree = "<group>"; };
		A0377A281E2DB0BF009D3DE6 /* CAEmitterLayerViewController.h */ = {isa = PBXFileReference; fileEncoding = 4; lastKnownFileType = sourcecode.c.h; path = CAEmitterLayerViewController.h; sourceTree = "<group>"; };
		A0377A291E2DB0BF009D3DE6 /* CAEmitterLayerViewController.m */ = {isa = PBXFileReference; fileEncoding = 4; lastKnownFileType = sourcecode.c.objc; path = CAEmitterLayerViewController.m; sourceTree = "<group>"; };
		A0377A2C1E2F40B0009D3DE6 /* Base */ = {isa = PBXFileReference; lastKnownFileType = file.storyboard; name = Base; path = JYLayer/Base.lproj/Main.storyboard; sourceTree = "<group>"; };
		A038F5BE1E1C9CBD003CCA53 /* SolidObjectsViewController.h */ = {isa = PBXFileReference; fileEncoding = 4; lastKnownFileType = sourcecode.c.h; name = SolidObjectsViewController.h; path = "变换/SolidObjectsViewController.h"; sourceTree = "<group>"; };
		A038F5BF1E1C9CBD003CCA53 /* SolidObjectsViewController.m */ = {isa = PBXFileReference; fileEncoding = 4; lastKnownFileType = sourcecode.c.objc; name = SolidObjectsViewController.m; path = "变换/SolidObjectsViewController.m"; sourceTree = "<group>"; };
		A0D23ABC1E13555E00BEC8AE /* MaskViewController.h */ = {isa = PBXFileReference; fileEncoding = 4; lastKnownFileType = sourcecode.c.h; name = MaskViewController.h; path = "视觉效果/MaskViewController.h"; sourceTree = "<group>"; };
		A0D23ABD1E13555E00BEC8AE /* MaskViewController.m */ = {isa = PBXFileReference; fileEncoding = 4; lastKnownFileType = sourcecode.c.objc; name = MaskViewController.m; path = "视觉效果/MaskViewController.m"; sourceTree = "<group>"; };
		A0D23ABE1E13555E00BEC8AE /* VisionViewController.h */ = {isa = PBXFileReference; fileEncoding = 4; lastKnownFileType = sourcecode.c.h; name = VisionViewController.h; path = "视觉效果/VisionViewController.h"; sourceTree = "<group>"; };
		A0D23ABF1E13555E00BEC8AE /* VisionViewController.m */ = {isa = PBXFileReference; fileEncoding = 4; lastKnownFileType = sourcecode.c.objc; name = VisionViewController.m; path = "视觉效果/VisionViewController.m"; sourceTree = "<group>"; };
		A0D23AC41E1355DA00BEC8AE /* ContentViewController.h */ = {isa = PBXFileReference; fileEncoding = 4; lastKnownFileType = sourcecode.c.h; name = ContentViewController.h; path = "寄宿图/ContentViewController.h"; sourceTree = "<group>"; };
		A0D23AC51E1355DA00BEC8AE /* ContentViewController.m */ = {isa = PBXFileReference; fileEncoding = 4; lastKnownFileType = sourcecode.c.objc; name = ContentViewController.m; path = "寄宿图/ContentViewController.m"; sourceTree = "<group>"; };
		A0D23AC81E1355FC00BEC8AE /* LayerGeometryViewController.h */ = {isa = PBXFileReference; fileEncoding = 4; lastKnownFileType = sourcecode.c.h; name = LayerGeometryViewController.h; path = "图层几何学/LayerGeometryViewController.h"; sourceTree = "<group>"; };
		A0D23AC91E1355FC00BEC8AE /* LayerGeometryViewController.m */ = {isa = PBXFileReference; fileEncoding = 4; lastKnownFileType = sourcecode.c.objc; name = LayerGeometryViewController.m; path = "图层几何学/LayerGeometryViewController.m"; sourceTree = "<group>"; };
		A0D23ACB1E135F2600BEC8AE /* AffinesTransformViewController.h */ = {isa = PBXFileReference; fileEncoding = 4; lastKnownFileType = sourcecode.c.h; name = AffinesTransformViewController.h; path = "变换/AffinesTransformViewController.h"; sourceTree = "<group>"; };
		A0D23ACC1E135F2600BEC8AE /* AffinesTransformViewController.m */ = {isa = PBXFileReference; fileEncoding = 4; lastKnownFileType = sourcecode.c.objc; name = AffinesTransformViewController.m; path = "变换/AffinesTransformViewController.m"; sourceTree = "<group>"; };
		A0D23AD01E1375C600BEC8AE /* 3DTransformViewController.h */ = {isa = PBXFileReference; fileEncoding = 4; lastKnownFileType = sourcecode.c.h; name = 3DTransformViewController.h; path = "变换/3DTransformViewController.h"; sourceTree = "<group>"; };
		A0D23AD11E1375C600BEC8AE /* 3DTransformViewController.m */ = {isa = PBXFileReference; fileEncoding = 4; lastKnownFileType = sourcecode.c.objc; name = 3DTransformViewController.m; path = "变换/3DTransformViewController.m"; sourceTree = "<group>"; };
/* End PBXFileReference section */

/* Begin PBXFrameworksBuildPhase section */
		A008E6FA1DFFC43C00B6F6D6 /* Frameworks */ = {
			isa = PBXFrameworksBuildPhase;
			buildActionMask = 2147483647;
			files = (
			);
			runOnlyForDeploymentPostprocessing = 0;
		};
/* End PBXFrameworksBuildPhase section */

/* Begin PBXGroup section */
		A008E6F41DFFC43C00B6F6D6 = {
			isa = PBXGroup;
			children = (
				A008E6FF1DFFC43D00B6F6D6 /* JYLayer */,
				A008E6FE1DFFC43C00B6F6D6 /* Products */,
			);
			sourceTree = "<group>";
		};
		A008E6FE1DFFC43C00B6F6D6 /* Products */ = {
			isa = PBXGroup;
			children = (
				A008E6FD1DFFC43C00B6F6D6 /* JYLayer.app */,
			);
			name = Products;
			sourceTree = "<group>";
		};
		A008E6FF1DFFC43D00B6F6D6 /* JYLayer */ = {
			isa = PBXGroup;
			children = (
				A0D23AC31E1355D200BEC8AE /* 寄宿图 */,
				A0D23AC71E1355DF00BEC8AE /* 图层几何学 */,
				A0D23AB81E124FC700BEC8AE /* 视觉效果 */,
				A0D23AC21E13556B00BEC8AE /* 变换 */,
				A03779511E232C94009D3DE6 /* 专用图层 */,
				A008E7031DFFC43D00B6F6D6 /* AppDelegate.h */,
				A008E7041DFFC43D00B6F6D6 /* AppDelegate.m */,
				A0377A2B1E2F40B0009D3DE6 /* Main.storyboard */,
				A008E70C1DFFC43D00B6F6D6 /* Assets.xcassets */,
				A008E7001DFFC43D00B6F6D6 /* Supporting Files */,
			);
			path = JYLayer;
			sourceTree = "<group>";
		};
		A008E7001DFFC43D00B6F6D6 /* Supporting Files */ = {
			isa = PBXGroup;
			children = (
				A037799F1E2C7609009D3DE6 /* Tile */,
				A008E70E1DFFC43D00B6F6D6 /* LaunchScreen.storyboard */,
				A008E7111DFFC43D00B6F6D6 /* Info.plist */,
				A008E7011DFFC43D00B6F6D6 /* main.m */,
			);
			name = "Supporting Files";
			sourceTree = "<group>";
		};
		A03779511E232C94009D3DE6 /* 专用图层 */ = {
			isa = PBXGroup;
			children = (
				A03779521E2331A7009D3DE6 /* SpecializedLayerViewController.h */,
				A03779531E2331A7009D3DE6 /* SpecializedLayerViewController.m */,
				A03779551E233E50009D3DE6 /* CAShapeLayerViewController.h */,
				A03779561E233E50009D3DE6 /* CAShapeLayerViewController.m */,
				A03779581E238154009D3DE6 /* CustomBezierPathView.h */,
				A03779591E238154009D3DE6 /* CustomBezierPathView.m */,
				A037795B1E24BC47009D3DE6 /* CATextLayerViewController.h */,
				A037795C1E24BC47009D3DE6 /* CATextLayerViewController.m */,
				A037795E1E24CC03009D3DE6 /* LayerLabel.h */,
				A037795F1E24CC03009D3DE6 /* LayerLabel.m */,
				A03779611E25CE1A009D3DE6 /* CATransformLayerViewController.h */,
				A03779621E25CE1A009D3DE6 /* CATransformLayerViewController.m */,
				A03779641E271A6A009D3DE6 /* CAGradientLayerViewController.h */,
				A03779651E271A6A009D3DE6 /* CAGradientLayerViewController.m */,
				A03779671E272670009D3DE6 /* CAReplicatorViewController.h */,
				A03779681E272670009D3DE6 /* CAReplicatorViewController.m */,
				A037796A1E2730BB009D3DE6 /* ReflectionView.h */,
				A037796B1E2730BB009D3DE6 /* ReflectionView.m */,
				A03779701E2871A7009D3DE6 /* CAScrollLayerViewController.h */,
				A03779711E2871A7009D3DE6 /* CAScrollLayerViewController.m */,
				A037796D1E286FD7009D3DE6 /* LayerScrollView.h */,
				A037796E1E286FD7009D3DE6 /* LayerScrollView.m */,
				A03779881E2C65D0009D3DE6 /* CATiledLayerViewController.h */,
				A03779891E2C65D0009D3DE6 /* CATiledLayerViewController.m */,
				A0377A281E2DB0BF009D3DE6 /* CAEmitterLayerViewController.h */,
				A0377A291E2DB0BF009D3DE6 /* CAEmitterLayerViewController.m */,
				A00EB97F1E31AD5700AE62BC /* CAEAGLLayerViewController.h */,
				A00EB9801E31AD5800AE62BC /* CAEAGLLayerViewController.m */,
			);
			path = "专用图层";
			sourceTree = "<group>";
		};
		A037799F1E2C7609009D3DE6 /* Tile */ = {
			isa = PBXGroup;
			children = (
				A03779A01E2C7609009D3DE6 /* big_snowman_00_00.jpg */,
				A03779A11E2C7609009D3DE6 /* big_snowman_00_01.jpg */,
				A03779A21E2C7609009D3DE6 /* big_snowman_00_02.jpg */,
				A03779A31E2C7609009D3DE6 /* big_snowman_00_03.jpg */,
				A03779A41E2C7609009D3DE6 /* big_snowman_00_04.jpg */,
				A03779A51E2C7609009D3DE6 /* big_snowman_00_05.jpg */,
				A03779A61E2C7609009D3DE6 /* big_snowman_00_06.jpg */,
				A03779A71E2C7609009D3DE6 /* big_snowman_00_07.jpg */,
				A03779A81E2C7609009D3DE6 /* big_snowman_01_00.jpg */,
				A03779A91E2C7609009D3DE6 /* big_snowman_01_01.jpg */,
				A03779AA1E2C7609009D3DE6 /* big_snowman_01_02.jpg */,
				A03779AB1E2C7609009D3DE6 /* big_snowman_01_03.jpg */,
				A03779AC1E2C7609009D3DE6 /* big_snowman_01_04.jpg */,
				A03779AD1E2C7609009D3DE6 /* big_snowman_01_05.jpg */,
				A03779AE1E2C7609009D3DE6 /* big_snowman_01_06.jpg */,
				A03779AF1E2C7609009D3DE6 /* big_snowman_01_07.jpg */,
				A03779B01E2C7609009D3DE6 /* big_snowman_02_00.jpg */,
				A03779B11E2C7609009D3DE6 /* big_snowman_02_01.jpg */,
				A03779B21E2C7609009D3DE6 /* big_snowman_02_02.jpg */,
				A03779B31E2C7609009D3DE6 /* big_snowman_02_03.jpg */,
				A03779B41E2C7609009D3DE6 /* big_snowman_02_04.jpg */,
				A03779B51E2C7609009D3DE6 /* big_snowman_02_05.jpg */,
				A03779B61E2C7609009D3DE6 /* big_snowman_02_06.jpg */,
				A03779B71E2C7609009D3DE6 /* big_snowman_02_07.jpg */,
				A03779B81E2C7609009D3DE6 /* big_snowman_03_00.jpg */,
				A03779B91E2C7609009D3DE6 /* big_snowman_03_01.jpg */,
				A03779BA1E2C7609009D3DE6 /* big_snowman_03_02.jpg */,
				A03779BB1E2C7609009D3DE6 /* big_snowman_03_03.jpg */,
				A03779BC1E2C7609009D3DE6 /* big_snowman_03_04.jpg */,
				A03779BD1E2C7609009D3DE6 /* big_snowman_03_05.jpg */,
				A03779BE1E2C7609009D3DE6 /* big_snowman_03_06.jpg */,
				A03779BF1E2C7609009D3DE6 /* big_snowman_03_07.jpg */,
				A03779C01E2C7609009D3DE6 /* big_snowman_04_00.jpg */,
				A03779C11E2C7609009D3DE6 /* big_snowman_04_01.jpg */,
				A03779C21E2C7609009D3DE6 /* big_snowman_04_02.jpg */,
				A03779C31E2C7609009D3DE6 /* big_snowman_04_03.jpg */,
				A03779C41E2C7609009D3DE6 /* big_snowman_04_04.jpg */,
				A03779C51E2C7609009D3DE6 /* big_snowman_04_05.jpg */,
				A03779C61E2C7609009D3DE6 /* big_snowman_04_06.jpg */,
				A03779C71E2C7609009D3DE6 /* big_snowman_04_07.jpg */,
				A03779C81E2C7609009D3DE6 /* big_snowman_05_00.jpg */,
				A03779C91E2C7609009D3DE6 /* big_snowman_05_01.jpg */,
				A03779CA1E2C7609009D3DE6 /* big_snowman_05_02.jpg */,
				A03779CB1E2C7609009D3DE6 /* big_snowman_05_03.jpg */,
				A03779CC1E2C7609009D3DE6 /* big_snowman_05_04.jpg */,
				A03779CD1E2C7609009D3DE6 /* big_snowman_05_05.jpg */,
				A03779CE1E2C7609009D3DE6 /* big_snowman_05_06.jpg */,
				A03779CF1E2C7609009D3DE6 /* big_snowman_05_07.jpg */,
				A03779D01E2C7609009D3DE6 /* big_snowman_06_00.jpg */,
				A03779D11E2C7609009D3DE6 /* big_snowman_06_01.jpg */,
				A03779D21E2C7609009D3DE6 /* big_snowman_06_02.jpg */,
				A03779D31E2C7609009D3DE6 /* big_snowman_06_03.jpg */,
				A03779D41E2C7609009D3DE6 /* big_snowman_06_04.jpg */,
				A03779D51E2C7609009D3DE6 /* big_snowman_06_05.jpg */,
				A03779D61E2C7609009D3DE6 /* big_snowman_06_06.jpg */,
				A03779D71E2C7609009D3DE6 /* big_snowman_06_07.jpg */,
				A03779D81E2C7609009D3DE6 /* big_snowman_07_00.jpg */,
				A03779D91E2C7609009D3DE6 /* big_snowman_07_01.jpg */,
				A03779DA1E2C7609009D3DE6 /* big_snowman_07_02.jpg */,
				A03779DB1E2C7609009D3DE6 /* big_snowman_07_03.jpg */,
				A03779DC1E2C7609009D3DE6 /* big_snowman_07_04.jpg */,
				A03779DD1E2C7609009D3DE6 /* big_snowman_07_05.jpg */,
				A03779DE1E2C7609009D3DE6 /* big_snowman_07_06.jpg */,
				A03779DF1E2C7609009D3DE6 /* big_snowman_07_07.jpg */,
			);
			path = Tile;
			sourceTree = "<group>";
		};
		A0D23AB81E124FC700BEC8AE /* 视觉效果 */ = {
			isa = PBXGroup;
			children = (
				A0D23ABC1E13555E00BEC8AE /* MaskViewController.h */,
				A0D23ABD1E13555E00BEC8AE /* MaskViewController.m */,
				A0D23ABE1E13555E00BEC8AE /* VisionViewController.h */,
				A0D23ABF1E13555E00BEC8AE /* VisionViewController.m */,
			);
			name = "视觉效果";
			sourceTree = "<group>";
		};
		A0D23AC21E13556B00BEC8AE /* 变换 */ = {
			isa = PBXGroup;
			children = (
				A0D23ACB1E135F2600BEC8AE /* AffinesTransformViewController.h */,
				A0D23ACC1E135F2600BEC8AE /* AffinesTransformViewController.m */,
				A0D23AD01E1375C600BEC8AE /* 3DTransformViewController.h */,
				A0D23AD11E1375C600BEC8AE /* 3DTransformViewController.m */,
				A038F5BE1E1C9CBD003CCA53 /* SolidObjectsViewController.h */,
				A038F5BF1E1C9CBD003CCA53 /* SolidObjectsViewController.m */,
			);
			name = "变换";
			sourceTree = "<group>";
		};
		A0D23AC31E1355D200BEC8AE /* 寄宿图 */ = {
			isa = PBXGroup;
			children = (
				A0D23AC41E1355DA00BEC8AE /* ContentViewController.h */,
				A0D23AC51E1355DA00BEC8AE /* ContentViewController.m */,
			);
			name = "寄宿图";
			sourceTree = "<group>";
		};
		A0D23AC71E1355DF00BEC8AE /* 图层几何学 */ = {
			isa = PBXGroup;
			children = (
				A0D23AC81E1355FC00BEC8AE /* LayerGeometryViewController.h */,
				A0D23AC91E1355FC00BEC8AE /* LayerGeometryViewController.m */,
			);
			name = "图层几何学";
			sourceTree = "<group>";
		};
/* End PBXGroup section */

/* Begin PBXNativeTarget section */
		A008E6FC1DFFC43C00B6F6D6 /* JYLayer */ = {
			isa = PBXNativeTarget;
			buildConfigurationList = A008E7141DFFC43D00B6F6D6 /* Build configuration list for PBXNativeTarget "JYLayer" */;
			buildPhases = (
				A008E6F91DFFC43C00B6F6D6 /* Sources */,
				A008E6FA1DFFC43C00B6F6D6 /* Frameworks */,
				A008E6FB1DFFC43C00B6F6D6 /* Resources */,
			);
			buildRules = (
			);
			dependencies = (
			);
			name = JYLayer;
			productName = JYLayer;
			productReference = A008E6FD1DFFC43C00B6F6D6 /* JYLayer.app */;
			productType = "com.apple.product-type.application";
		};
/* End PBXNativeTarget section */

/* Begin PBXProject section */
		A008E6F51DFFC43C00B6F6D6 /* Project object */ = {
			isa = PBXProject;
			attributes = {
				LastUpgradeCheck = 0730;
				ORGANIZATIONNAME = "China Industrial Bank";
				TargetAttributes = {
					A008E6FC1DFFC43C00B6F6D6 = {
						CreatedOnToolsVersion = 7.3.1;
					};
				};
			};
			buildConfigurationList = A008E6F81DFFC43C00B6F6D6 /* Build configuration list for PBXProject "JYLayer" */;
			compatibilityVersion = "Xcode 3.2";
			developmentRegion = English;
			hasScannedForEncodings = 0;
			knownRegions = (
				en,
				Base,
			);
			mainGroup = A008E6F41DFFC43C00B6F6D6;
			productRefGroup = A008E6FE1DFFC43C00B6F6D6 /* Products */;
			projectDirPath = "";
			projectRoot = "";
			targets = (
				A008E6FC1DFFC43C00B6F6D6 /* JYLayer */,
			);
		};
/* End PBXProject section */

/* Begin PBXResourcesBuildPhase section */
		A008E6FB1DFFC43C00B6F6D6 /* Resources */ = {
			isa = PBXResourcesBuildPhase;
			buildActionMask = 2147483647;
			files = (
				A008E7101DFFC43D00B6F6D6 /* LaunchScreen.storyboard in Resources */,
				A008E70D1DFFC43D00B6F6D6 /* Assets.xcassets in Resources */,
				A0377A0F1E2C7609009D3DE6 /* big_snowman_05_07.jpg in Resources */,
				A0377A151E2C7609009D3DE6 /* big_snowman_06_05.jpg in Resources */,
				A03779F31E2C7609009D3DE6 /* big_snowman_02_03.jpg in Resources */,
				A03779E61E2C7609009D3DE6 /* big_snowman_00_06.jpg in Resources */,
				A03779EA1E2C7609009D3DE6 /* big_snowman_01_02.jpg in Resources */,
				A03779EF1E2C7609009D3DE6 /* big_snowman_01_07.jpg in Resources */,
				A03779E41E2C7609009D3DE6 /* big_snowman_00_04.jpg in Resources */,
				A0377A141E2C7609009D3DE6 /* big_snowman_06_04.jpg in Resources */,
				A0377A1F1E2C7609009D3DE6 /* big_snowman_07_07.jpg in Resources */,
				A0377A051E2C7609009D3DE6 /* big_snowman_04_05.jpg in Resources */,
				A0377A111E2C7609009D3DE6 /* big_snowman_06_01.jpg in Resources */,
				A03779E21E2C7609009D3DE6 /* big_snowman_00_02.jpg in Resources */,
				A0377A131E2C7609009D3DE6 /* big_snowman_06_03.jpg in Resources */,
				A0377A191E2C7609009D3DE6 /* big_snowman_07_01.jpg in Resources */,
				A03779E71E2C7609009D3DE6 /* big_snowman_00_07.jpg in Resources */,
				A03779F01E2C7609009D3DE6 /* big_snowman_02_00.jpg in Resources */,
				A0377A0E1E2C7609009D3DE6 /* big_snowman_05_06.jpg in Resources */,
				A0377A181E2C7609009D3DE6 /* big_snowman_07_00.jpg in Resources */,
				A0377A091E2C7609009D3DE6 /* big_snowman_05_01.jpg in Resources */,
				A03779E11E2C7609009D3DE6 /* big_snowman_00_01.jpg in Resources */,
				A0377A061E2C7609009D3DE6 /* big_snowman_04_06.jpg in Resources */,
				A03779E81E2C7609009D3DE6 /* big_snowman_01_00.jpg in Resources */,
				A03779F91E2C7609009D3DE6 /* big_snowman_03_01.jpg in Resources */,
				A0377A011E2C7609009D3DE6 /* big_snowman_04_01.jpg in Resources */,
				A03779E51E2C7609009D3DE6 /* big_snowman_00_05.jpg in Resources */,
				A0377A0D1E2C7609009D3DE6 /* big_snowman_05_05.jpg in Resources */,
				A0377A0B1E2C7609009D3DE6 /* big_snowman_05_03.jpg in Resources */,
				A03779F81E2C7609009D3DE6 /* big_snowman_03_00.jpg in Resources */,
				A03779F51E2C7609009D3DE6 /* big_snowman_02_05.jpg in Resources */,
				A03779E31E2C7609009D3DE6 /* big_snowman_00_03.jpg in Resources */,
				A03779EC1E2C7609009D3DE6 /* big_snowman_01_04.jpg in Resources */,
				A0377A1D1E2C7609009D3DE6 /* big_snowman_07_05.jpg in Resources */,
				A03779FB1E2C7609009D3DE6 /* big_snowman_03_03.jpg in Resources */,
				A0377A1C1E2C7609009D3DE6 /* big_snowman_07_04.jpg in Resources */,
				A03779FD1E2C7609009D3DE6 /* big_snowman_03_05.jpg in Resources */,
				A0377A031E2C7609009D3DE6 /* big_snowman_04_03.jpg in Resources */,
				A03779F61E2C7609009D3DE6 /* big_snowman_02_06.jpg in Resources */,
				A0377A021E2C7609009D3DE6 /* big_snowman_04_02.jpg in Resources */,
				A03779FA1E2C7609009D3DE6 /* big_snowman_03_02.jpg in Resources */,
				A03779F11E2C7609009D3DE6 /* big_snowman_02_01.jpg in Resources */,
				A03779E91E2C7609009D3DE6 /* big_snowman_01_01.jpg in Resources */,
				A03779EE1E2C7609009D3DE6 /* big_snowman_01_06.jpg in Resources */,
				A03779FE1E2C7609009D3DE6 /* big_snowman_03_06.jpg in Resources */,
				A0377A101E2C7609009D3DE6 /* big_snowman_06_00.jpg in Resources */,
				A03779E01E2C7609009D3DE6 /* big_snowman_00_00.jpg in Resources */,
				A0377A171E2C7609009D3DE6 /* big_snowman_06_07.jpg in Resources */,
				A0377A041E2C7609009D3DE6 /* big_snowman_04_04.jpg in Resources */,
				A03779EB1E2C7609009D3DE6 /* big_snowman_01_03.jpg in Resources */,
				A03779F41E2C7609009D3DE6 /* big_snowman_02_04.jpg in Resources */,
				A03779F71E2C7609009D3DE6 /* big_snowman_02_07.jpg in Resources */,
				A0377A071E2C7609009D3DE6 /* big_snowman_04_07.jpg in Resources */,
				A0377A001E2C7609009D3DE6 /* big_snowman_04_00.jpg in Resources */,
				A03779ED1E2C7609009D3DE6 /* big_snowman_01_05.jpg in Resources */,
				A0377A081E2C7609009D3DE6 /* big_snowman_05_00.jpg in Resources */,
				A03779FC1E2C7609009D3DE6 /* big_snowman_03_04.jpg in Resources */,
				A0377A121E2C7609009D3DE6 /* big_snowman_06_02.jpg in Resources */,
				A03779F21E2C7609009D3DE6 /* big_snowman_02_02.jpg in Resources */,
				A0377A1B1E2C7609009D3DE6 /* big_snowman_07_03.jpg in Resources */,
				A0377A1A1E2C7609009D3DE6 /* big_snowman_07_02.jpg in Resources */,
				A03779FF1E2C7609009D3DE6 /* big_snowman_03_07.jpg in Resources */,
				A0377A0A1E2C7609009D3DE6 /* big_snowman_05_02.jpg in Resources */,
				A0377A2D1E2F40B0009D3DE6 /* Main.storyboard in Resources */,
				A0377A161E2C7609009D3DE6 /* big_snowman_06_06.jpg in Resources */,
				A0377A0C1E2C7609009D3DE6 /* big_snowman_05_04.jpg in Resources */,
				A0377A1E1E2C7609009D3DE6 /* big_snowman_07_06.jpg in Resources */,
			);
			runOnlyForDeploymentPostprocessing = 0;
		};
/* End PBXResourcesBuildPhase section */

/* Begin PBXSourcesBuildPhase section */
		A008E6F91DFFC43C00B6F6D6 /* Sources */ = {
			isa = PBXSourcesBuildPhase;
			buildActionMask = 2147483647;
			files = (
				A03779541E2331A7009D3DE6 /* SpecializedLayerViewController.m in Sources */,
				A038F5C01E1C9CBD003CCA53 /* SolidObjectsViewController.m in Sources */,
				A0D23AD21E1375C600BEC8AE /* 3DTransformViewController.m in Sources */,
				A0D23AC61E1355DA00BEC8AE /* ContentViewController.m in Sources */,
				A03779601E24CC03009D3DE6 /* LayerLabel.m in Sources */,
				A03779571E233E50009D3DE6 /* CAShapeLayerViewController.m in Sources */,
				A037795A1E238154009D3DE6 /* CustomBezierPathView.m in Sources */,
				A0D23ACA1E1355FC00BEC8AE /* LayerGeometryViewController.m in Sources */,
				A03779661E271A6A009D3DE6 /* CAGradientLayerViewController.m in Sources */,
				A0D23AC01E13555E00BEC8AE /* MaskViewController.m in Sources */,
				A008E7051DFFC43D00B6F6D6 /* AppDelegate.m in Sources */,
				A037796F1E286FD7009D3DE6 /* LayerScrollView.m in Sources */,
				A037796C1E2730BB009D3DE6 /* ReflectionView.m in Sources */,
				A037795D1E24BC47009D3DE6 /* CATextLayerViewController.m in Sources */,
				A008E7021DFFC43D00B6F6D6 /* main.m in Sources */,
				A037798A1E2C65D0009D3DE6 /* CATiledLayerViewController.m in Sources */,
				A0D23AC11E13555E00BEC8AE /* VisionViewController.m in Sources */,
				A0377A2A1E2DB0BF009D3DE6 /* CAEmitterLayerViewController.m in Sources */,
				A03779631E25CE1A009D3DE6 /* CATransformLayerViewController.m in Sources */,
				A0D23ACD1E135F2600BEC8AE /* AffinesTransformViewController.m in Sources */,
				A03779691E272670009D3DE6 /* CAReplicatorViewController.m in Sources */,
				A00EB9811E31AD5800AE62BC /* CAEAGLLayerViewController.m in Sources */,
				A03779721E2871A7009D3DE6 /* CAScrollLayerViewController.m in Sources */,
			);
			runOnlyForDeploymentPostprocessing = 0;
		};
/* End PBXSourcesBuildPhase section */

/* Begin PBXVariantGroup section */
		A008E70E1DFFC43D00B6F6D6 /* LaunchScreen.storyboard */ = {
			isa = PBXVariantGroup;
			children = (
				A008E70F1DFFC43D00B6F6D6 /* Base */,
			);
			name = LaunchScreen.storyboard;
			sourceTree = "<group>";
		};
		A0377A2B1E2F40B0009D3DE6 /* Main.storyboard */ = {
			isa = PBXVariantGroup;
			children = (
				A0377A2C1E2F40B0009D3DE6 /* Base */,
			);
			name = Main.storyboard;
			path = ..;
			sourceTree = "<group>";
		};
/* End PBXVariantGroup section */

/* Begin XCBuildConfiguration section */
		A008E7121DFFC43D00B6F6D6 /* Debug */ = {
			isa = XCBuildConfiguration;
			buildSettings = {
				ALWAYS_SEARCH_USER_PATHS = NO;
				CLANG_ANALYZER_NONNULL = YES;
				CLANG_CXX_LANGUAGE_STANDARD = "gnu++0x";
				CLANG_CXX_LIBRARY = "libc++";
				CLANG_ENABLE_MODULES = YES;
				CLANG_ENABLE_OBJC_ARC = YES;
				CLANG_WARN_BOOL_CONVERSION = YES;
				CLANG_WARN_CONSTANT_CONVERSION = YES;
				CLANG_WARN_DIRECT_OBJC_ISA_USAGE = YES_ERROR;
				CLANG_WARN_EMPTY_BODY = YES;
				CLANG_WARN_ENUM_CONVERSION = YES;
				CLANG_WARN_INT_CONVERSION = YES;
				CLANG_WARN_OBJC_ROOT_CLASS = YES_ERROR;
				CLANG_WARN_UNREACHABLE_CODE = YES;
				CLANG_WARN__DUPLICATE_METHOD_MATCH = YES;
				"CODE_SIGN_IDENTITY[sdk=iphoneos*]" = "iPhone Developer";
				COPY_PHASE_STRIP = NO;
				DEBUG_INFORMATION_FORMAT = dwarf;
				ENABLE_STRICT_OBJC_MSGSEND = YES;
				ENABLE_TESTABILITY = YES;
				GCC_C_LANGUAGE_STANDARD = gnu99;
				GCC_DYNAMIC_NO_PIC = NO;
				GCC_NO_COMMON_BLOCKS = YES;
				GCC_OPTIMIZATION_LEVEL = 0;
				GCC_PREPROCESSOR_DEFINITIONS = (
					"DEBUG=1",
					"$(inherited)",
				);
				GCC_WARN_64_TO_32_BIT_CONVERSION = YES;
				GCC_WARN_ABOUT_RETURN_TYPE = YES_ERROR;
				GCC_WARN_UNDECLARED_SELECTOR = YES;
				GCC_WARN_UNINITIALIZED_AUTOS = YES_AGGRESSIVE;
				GCC_WARN_UNUSED_FUNCTION = YES;
				GCC_WARN_UNUSED_VARIABLE = YES;
				IPHONEOS_DEPLOYMENT_TARGET = 9.3;
				MTL_ENABLE_DEBUG_INFO = YES;
				ONLY_ACTIVE_ARCH = YES;
				SDKROOT = iphoneos;
			};
			name = Debug;
		};
		A008E7131DFFC43D00B6F6D6 /* Release */ = {
			isa = XCBuildConfiguration;
			buildSettings = {
				ALWAYS_SEARCH_USER_PATHS = NO;
				CLANG_ANALYZER_NONNULL = YES;
				CLANG_CXX_LANGUAGE_STANDARD = "gnu++0x";
				CLANG_CXX_LIBRARY = "libc++";
				CLANG_ENABLE_MODULES = YES;
				CLANG_ENABLE_OBJC_ARC = YES;
				CLANG_WARN_BOOL_CONVERSION = YES;
				CLANG_WARN_CONSTANT_CONVERSION = YES;
				CLANG_WARN_DIRECT_OBJC_ISA_USAGE = YES_ERROR;
				CLANG_WARN_EMPTY_BODY = YES;
				CLANG_WARN_ENUM_CONVERSION = YES;
				CLANG_WARN_INT_CONVERSION = YES;
				CLANG_WARN_OBJC_ROOT_CLASS = YES_ERROR;
				CLANG_WARN_UNREACHABLE_CODE = YES;
				CLANG_WARN__DUPLICATE_METHOD_MATCH = YES;
				"CODE_SIGN_IDENTITY[sdk=iphoneos*]" = "iPhone Developer";
				COPY_PHASE_STRIP = NO;
				DEBUG_INFORMATION_FORMAT = "dwarf-with-dsym";
				ENABLE_NS_ASSERTIONS = NO;
				ENABLE_STRICT_OBJC_MSGSEND = YES;
				GCC_C_LANGUAGE_STANDARD = gnu99;
				GCC_NO_COMMON_BLOCKS = YES;
				GCC_WARN_64_TO_32_BIT_CONVERSION = YES;
				GCC_WARN_ABOUT_RETURN_TYPE = YES_ERROR;
				GCC_WARN_UNDECLARED_SELECTOR = YES;
				GCC_WARN_UNINITIALIZED_AUTOS = YES_AGGRESSIVE;
				GCC_WARN_UNUSED_FUNCTION = YES;
				GCC_WARN_UNUSED_VARIABLE = YES;
				IPHONEOS_DEPLOYMENT_TARGET = 9.3;
				MTL_ENABLE_DEBUG_INFO = NO;
				SDKROOT = iphoneos;
				VALIDATE_PRODUCT = YES;
			};
			name = Release;
		};
		A008E7151DFFC43D00B6F6D6 /* Debug */ = {
			isa = XCBuildConfiguration;
			buildSettings = {
				ASSETCATALOG_COMPILER_APPICON_NAME = AppIcon;
				INFOPLIST_FILE = JYLayer/Info.plist;
				LD_RUNPATH_SEARCH_PATHS = "$(inherited) @executable_path/Frameworks";
				PRODUCT_BUNDLE_IDENTIFIER = com.cib.JYLayer;
				PRODUCT_NAME = "$(TARGET_NAME)";
			};
			name = Debug;
		};
		A008E7161DFFC43D00B6F6D6 /* Release */ = {
			isa = XCBuildConfiguration;
			buildSettings = {
				ASSETCATALOG_COMPILER_APPICON_NAME = AppIcon;
				INFOPLIST_FILE = JYLayer/Info.plist;
				LD_RUNPATH_SEARCH_PATHS = "$(inherited) @executable_path/Frameworks";
				PRODUCT_BUNDLE_IDENTIFIER = com.cib.JYLayer;
				PRODUCT_NAME = "$(TARGET_NAME)";
			};
			name = Release;
		};
/* End XCBuildConfiguration section */

/* Begin XCConfigurationList section */
		A008E6F81DFFC43C00B6F6D6 /* Build configuration list for PBXProject "JYLayer" */ = {
			isa = XCConfigurationList;
			buildConfigurations = (
				A008E7121DFFC43D00B6F6D6 /* Debug */,
				A008E7131DFFC43D00B6F6D6 /* Release */,
			);
			defaultConfigurationIsVisible = 0;
			defaultConfigurationName = Release;
		};
		A008E7141DFFC43D00B6F6D6 /* Build configuration list for PBXNativeTarget "JYLayer" */ = {
			isa = XCConfigurationList;
			buildConfigurations = (
				A008E7151DFFC43D00B6F6D6 /* Debug */,
				A008E7161DFFC43D00B6F6D6 /* Release */,
			);
			defaultConfigurationIsVisible = 0;
			defaultConfigurationName = Release;
		};
/* End XCConfigurationList section */
	};
	rootObject = A008E6F51DFFC43C00B6F6D6 /* Project object */;
}
